
Microsoft Visual Studio Solution File, Format Version 12.00
# Visual Studio Version 16
VisualStudioVersion = 16.0.29409.12
MinimumVisualStudioVersion = 10.0.40219.1
Project("{FAE04EC0-301F-11D3-BF4B-00C04F79EFBC}") = "intra_models", "intra_models\intra_models.csproj", "{48E2DA11-7D45-45CC-A3AA-0EB372A2ECA1}"
EndProject
Global
	GlobalSection(SolutionConfigurationPlatforms) = preSolution
		Debug|Any CPU = Debug|Any CPU
		Release|Any CPU = Release|Any CPU
	EndGlobalSection
	GlobalSection(ProjectConfigurationPlatforms) = postSolution
		{48E2DA11-7D45-45CC-A3AA-0EB372A2ECA1}.Debug|Any CPU.ActiveCfg = Debug|Any CPU
		{48E2DA11-7D45-45CC-A3AA-0EB372A2ECA1}.Debug|Any CPU.Build.0 = Debug|Any CPU
		{48E2DA11-7D45-45CC-A3AA-0EB372A2ECA1}.Release|Any CPU.ActiveCfg = Release|Any CPU
		{48E2DA11-7D45-45CC-A3AA-0EB372A2ECA1}.Release|Any CPU.Build.0 = Release|Any CPU
	EndGlobalSection
	GlobalSection(SolutionProperties) = preSolution
		HideSolutionNode = FALSE
	EndGlobalSection
	GlobalSection(ExtensibilityGlobals) = postSolution
		SolutionGuid = {EDDA4676-8370-49D2-BAE9-9F2D3A4CF5BA}
	EndGlobalSection
EndGlobal
